<Solution>
  <Project Path="01/01.csproj" />
  <Project Path="02/02.csproj" />
  <Project Path="03/03.csproj" />
  <Project Path="04/04.csproj" />
  <Project Path="05/05.csproj" />
  <Project Path="06/06.csproj" Id="9a6185d3-3f2f-420c-91bf-7af1b83d8138" />
  <Project Path="07/07.csproj" Id="4f46b062-232e-4494-9aa0-aa4f887095d0" />
</Solution>
